
Microsoft Visual Studio Solution File, Format Version 12.00
# Visual Studio 15
VisualStudioVersion = 15.0.27428.2043
MinimumVisualStudioVersion = 10.0.40219.1
Project("{9A19103F-16F7-4668-BE54-9A1E7A4F7556}") = "ApprovalTestsStarterProject", "ApprovalTestsStarterProject\ApprovalTestsStarterProject.csproj", "{651D5292-93F4-4108-8CF3-7462D5167B4F}"
EndProject
Project("{9A19103F-16F7-4668-BE54-9A1E7A4F7556}") = "ApprovalTestsStarterProject.Tests", "ApprovalTestsStarterProject.Tests\ApprovalTestsStarterProject.Tests.csproj", "{3E766A0A-C6D9-4797-BB9D-F13E8B3DC0B3}"
EndProject
Global
	GlobalSection(SolutionConfigurationPlatforms) = preSolution
		Debug|Any CPU = Debug|Any CPU
		Release|Any CPU = Release|Any CPU
	EndGlobalSection
	GlobalSection(ProjectConfigurationPlatforms) = postSolution
		{651D5292-93F4-4108-8CF3-7462D5167B4F}.Debug|Any CPU.ActiveCfg = Debug|Any CPU
		{651D5292-93F4-4108-8CF3-7462D5167B4F}.Debug|Any CPU.Build.0 = Debug|Any CPU
		{651D5292-93F4-4108-8CF3-7462D5167B4F}.Release|Any CPU.ActiveCfg = Release|Any CPU
		{651D5292-93F4-4108-8CF3-7462D5167B4F}.Release|Any CPU.Build.0 = Release|Any CPU
		{3E766A0A-C6D9-4797-BB9D-F13E8B3DC0B3}.Debug|Any CPU.ActiveCfg = Debug|Any CPU
		{3E766A0A-C6D9-4797-BB9D-F13E8B3DC0B3}.Debug|Any CPU.Build.0 = Debug|Any CPU
		{3E766A0A-C6D9-4797-BB9D-F13E8B3DC0B3}.Release|Any CPU.ActiveCfg = Release|Any CPU
		{3E766A0A-C6D9-4797-BB9D-F13E8B3DC0B3}.Release|Any CPU.Build.0 = Release|Any CPU
	EndGlobalSection
	GlobalSection(SolutionProperties) = preSolution
		HideSolutionNode = FALSE
	EndGlobalSection
	GlobalSection(ExtensibilityGlobals) = postSolution
		SolutionGuid = {1E468EA5-66FD-460C-A432-3DA2579F07C3}
	EndGlobalSection
EndGlobal
